// !$*UTF8*$!
{
	archiveVersion = 1;
	classes = {
	};
	objectVersion = 48;
	objects = {

/* Begin PBXBuildFile section */
		6320805E1F99B36900846C18 /* AppDelegate.swift in Sources */ = {isa = PBXBuildFile; fileRef = 6320805D1F99B36900846C18 /* AppDelegate.swift */; };
		632080601F99B36900846C18 /* ViewController.swift in Sources */ = {isa = PBXBuildFile; fileRef = 6320805F1F99B36900846C18 /* ViewController.swift */; };
		632080631F99B36900846C18 /* Main.storyboard in Resources */ = {isa = PBXBuildFile; fileRef = 632080611F99B36900846C18 /* Main.storyboard */; };
		632080651F99B36900846C18 /* Assets.xcassets in Resources */ = {isa = PBXBuildFile; fileRef = 632080641F99B36900846C18 /* Assets.xcassets */; };
		632080681F99B36900846C18 /* LaunchScreen.storyboard in Resources */ = {isa = PBXBuildFile; fileRef = 632080661F99B36900846C18 /* LaunchScreen.storyboard */; };
		632080731F99B36A00846C18 /* StoreReviewSample_iOSTests.swift in Sources */ = {isa = PBXBuildFile; fileRef = 632080721F99B36A00846C18 /* StoreReviewSample_iOSTests.swift */; };
		6320807E1F99B36A00846C18 /* StoreReviewSample_iOSUITests.swift in Sources */ = {isa = PBXBuildFile; fileRef = 6320807D1F99B36A00846C18 /* StoreReviewSample_iOSUITests.swift */; };
/* End PBXBuildFile section */

/* Begin PBXContainerItemProxy section */
		6320806F1F99B36A00846C18 /* PBXContainerItemProxy */ = {
			isa = PBXContainerItemProxy;
			containerPortal = 632080521F99B36900846C18 /* Project object */;
			proxyType = 1;
			remoteGlobalIDString = 632080591F99B36900846C18;
			remoteInfo = "StoreReviewSample-iOS";
		};
		6320807A1F99B36A00846C18 /* PBXContainerItemProxy */ = {
			isa = PBXContainerItemProxy;
			containerPortal = 632080521F99B36900846C18 /* Project object */;
			proxyType = 1;
			remoteGlobalIDString = 632080591F99B36900846C18;
			remoteInfo = "StoreReviewSample-iOS";
		};
/* End PBXContainerItemProxy section */

/* Begin PBXFileReference section */
		6320805A1F99B36900846C18 /* StoreReviewSample-iOS.app */ = {isa = PBXFileReference; explicitFileType = wrapper.application; includeInIndex = 0; path = "StoreReviewSample-iOS.app"; sourceTree = BUILT_PRODUCTS_DIR; };
		6320805D1F99B36900846C18 /* AppDelegate.swift */ = {isa = PBXFileReference; lastKnownFileType = sourcecode.swift; path = AppDelegate.swift; sourceTree = "<group>"; };
		6320805F1F99B36900846C18 /* ViewController.swift */ = {isa = PBXFileReference; lastKnownFileType = sourcecode.swift; path = ViewController.swift; sourceTree = "<group>"; };
		632080621F99B36900846C18 /* Base */ = {isa = PBXFileReference; lastKnownFileType = file.storyboard; name = Base; path = Base.lproj/Main.storyboard; sourceTree = "<group>"; };
		632080641F99B36900846C18 /* Assets.xcassets */ = {isa = PBXFileReference; lastKnownFileType = folder.assetcatalog; path = Assets.xcassets; sourceTree = "<group>"; };
		632080671F99B36900846C18 /* Base */ = {isa = PBXFileReference; lastKnownFileType = file.storyboard; name = Base; path = Base.lproj/LaunchScreen.storyboard; sourceTree = "<group>"; };
		632080691F99B36900846C18 /* Info.plist */ = {isa = PBXFileReference; lastKnownFileType = text.plist.xml; path = Info.plist; sourceTree = "<group>"; };
		6320806E1F99B36A00846C18 /* StoreReviewSample-iOSTests.xctest */ = {isa = PBXFileReference; explicitFileType = wrapper.cfbundle; includeInIndex = 0; path = "StoreReviewSample-iOSTests.xctest"; sourceTree = BUILT_PRODUCTS_DIR; };
		632080721F99B36A00846C18 /* StoreReviewSample_iOSTests.swift */ = {isa = PBXFileReference; lastKnownFileType = sourcecode.swift; path = StoreReviewSample_iOSTests.swift; sourceTree = "<group>"; };
		632080741F99B36A00846C18 /* Info.plist */ = {isa = PBXFileReference; lastKnownFileType = text.plist.xml; path = Info.plist; sourceTree = "<group>"; };
		632080791F99B36A00846C18 /* StoreReviewSample-iOSUITests.xctest */ = {isa = PBXFileReference; explicitFileType = wrapper.cfbundle; includeInIndex = 0; path = "StoreReviewSample-iOSUITests.xctest"; sourceTree = BUILT_PRODUCTS_DIR; };
		6320807D1F99B36A00846C18 /* StoreReviewSample_iOSUITests.swift */ = {isa = PBXFileReference; lastKnownFileType = sourcecode.swift; path = StoreReviewSample_iOSUITests.swift; sourceTree = "<group>"; };
		6320807F1F99B36A00846C18 /* Info.plist */ = {isa = PBXFileReference; lastKnownFileType = text.plist.xml; path = Info.plist; sourceTree = "<group>"; };
/* End PBXFileReference section */

/* Begin PBXFrameworksBuildPhase section */
		632080571F99B36900846C18 /* Frameworks */ = {
			isa = PBXFrameworksBuildPhase;
			buildActionMask = 2147483647;
			files = (
			);
			runOnlyForDeploymentPostprocessing = 0;
		};
		6320806B1F99B36A00846C18 /* Frameworks */ = {
			isa = PBXFrameworksBuildPhase;
			buildActionMask = 2147483647;
			files = (
			);
			runOnlyForDeploymentPostprocessing = 0;
		};
		632080761F99B36A00846C18 /* Frameworks */ = {
			isa = PBXFrameworksBuildPhase;
			buildActionMask = 2147483647;
			files = (
			);
			runOnlyForDeploymentPostprocessing = 0;
		};
/* End PBXFrameworksBuildPhase section */

/* Begin PBXGroup section */
		632080511F99B36900846C18 = {
			isa = PBXGroup;
			children = (
				6320805C1F99B36900846C18 /* StoreReviewSample-iOS */,
				632080711F99B36A00846C18 /* StoreReviewSample-iOSTests */,
				6320807C1F99B36A00846C18 /* StoreReviewSample-iOSUITests */,
				6320805B1F99B36900846C18 /* Products */,
			);
			sourceTree = "<group>";
		};
		6320805B1F99B36900846C18 /* Products */ = {
			isa = PBXGroup;
			children = (
				6320805A1F99B36900846C18 /* StoreReviewSample-iOS.app */,
				6320806E1F99B36A00846C18 /* StoreReviewSample-iOSTests.xctest */,
				632080791F99B36A00846C18 /* StoreReviewSample-iOSUITests.xctest */,
			);
			name = Products;
			sourceTree = "<group>";
		};
		6320805C1F99B36900846C18 /* StoreReviewSample-iOS */ = {
			isa = PBXGroup;
			children = (
				6320805D1F99B36900846C18 /* AppDelegate.swift */,
				6320805F1F99B36900846C18 /* ViewController.swift */,
				632080611F99B36900846C18 /* Main.storyboard */,
				632080641F99B36900846C18 /* Assets.xcassets */,
				632080661F99B36900846C18 /* LaunchScreen.storyboard */,
				632080691F99B36900846C18 /* Info.plist */,
			);
			path = "StoreReviewSample-iOS";
			sourceTree = "<group>";
		};
		632080711F99B36A00846C18 /* StoreReviewSample-iOSTests */ = {
			isa = PBXGroup;
			children = (
				632080721F99B36A00846C18 /* StoreReviewSample_iOSTests.swift */,
				632080741F99B36A00846C18 /* Info.plist */,
			);
			path = "StoreReviewSample-iOSTests";
			sourceTree = "<group>";
		};
		6320807C1F99B36A00846C18 /* StoreReviewSample-iOSUITests */ = {
			isa = PBXGroup;
			children = (
				6320807D1F99B36A00846C18 /* StoreReviewSample_iOSUITests.swift */,
				6320807F1F99B36A00846C18 /* Info.plist */,
			);
			path = "StoreReviewSample-iOSUITests";
			sourceTree = "<group>";
		};
/* End PBXGroup section */

/* Begin PBXNativeTarget section */
		632080591F99B36900846C18 /* StoreReviewSample-iOS */ = {
			isa = PBXNativeTarget;
			buildConfigurationList = 632080821F99B36A00846C18 /* Build configuration list for PBXNativeTarget "StoreReviewSample-iOS" */;
			buildPhases = (
				632080561F99B36900846C18 /* Sources */,
				632080571F99B36900846C18 /* Frameworks */,
				632080581F99B36900846C18 /* Resources */,
			);
			buildRules = (
			);
			dependencies = (
			);
			name = "StoreReviewSample-iOS";
			productName = "StoreReviewSample-iOS";
			productReference = 6320805A1F99B36900846C18 /* StoreReviewSample-iOS.app */;
			productType = "com.apple.product-type.application";
		};
		6320806D1F99B36A00846C18 /* StoreReviewSample-iOSTests */ = {
			isa = PBXNativeTarget;
			buildConfigurationList = 632080851F99B36A00846C18 /* Build configuration list for PBXNativeTarget "StoreReviewSample-iOSTests" */;
			buildPhases = (
				6320806A1F99B36A00846C18 /* Sources */,
				6320806B1F99B36A00846C18 /* Frameworks */,
				6320806C1F99B36A00846C18 /* Resources */,
			);
			buildRules = (
			);
			dependencies = (
				632080701F99B36A00846C18 /* PBXTargetDependency */,
			);
			name = "StoreReviewSample-iOSTests";
			productName = "StoreReviewSample-iOSTests";
			productReference = 6320806E1F99B36A00846C18 /* StoreReviewSample-iOSTests.xctest */;
			productType = "com.apple.product-type.bundle.unit-test";
		};
		632080781F99B36A00846C18 /* StoreReviewSample-iOSUITests */ = {
			isa = PBXNativeTarget;
			buildConfigurationList = 632080881F99B36A00846C18 /* Build configuration list for PBXNativeTarget "StoreReviewSample-iOSUITests" */;
			buildPhases = (
				632080751F99B36A00846C18 /* Sources */,
				632080761F99B36A00846C18 /* Frameworks */,
				632080771F99B36A00846C18 /* Resources */,
			);
			buildRules = (
			);
			dependencies = (
				6320807B1F99B36A00846C18 /* PBXTargetDependency */,
			);
			name = "StoreReviewSample-iOSUITests";
			productName = "StoreReviewSample-iOSUITests";
			productReference = 632080791F99B36A00846C18 /* StoreReviewSample-iOSUITests.xctest */;
			productType = "com.apple.product-type.bundle.ui-testing";
		};
/* End PBXNativeTarget section */

/* Begin PBXProject section */
		632080521F99B36900846C18 /* Project object */ = {
			isa = PBXProject;
			attributes = {
				LastSwiftUpdateCheck = 0900;
				LastUpgradeCheck = 0900;
				ORGANIZATIONNAME = TakahiroTsuchiya;
				TargetAttributes = {
					632080591F99B36900846C18 = {
						CreatedOnToolsVersion = 9.0.1;
						ProvisioningStyle = Automatic;
					};
					6320806D1F99B36A00846C18 = {
						CreatedOnToolsVersion = 9.0.1;
						ProvisioningStyle = Automatic;
						TestTargetID = 632080591F99B36900846C18;
					};
					632080781F99B36A00846C18 = {
						CreatedOnToolsVersion = 9.0.1;
						ProvisioningStyle = Automatic;
						TestTargetID = 632080591F99B36900846C18;
					};
				};
			};
			buildConfigurationList = 632080551F99B36900846C18 /* Build configuration list for PBXProject "StoreReviewSample-iOS" */;
			compatibilityVersion = "Xcode 8.0";
			developmentRegion = en;
			hasScannedForEncodings = 0;
			knownRegions = (
				en,
				Base,
			);
			mainGroup = 632080511F99B36900846C18;
			productRefGroup = 6320805B1F99B36900846C18 /* Products */;
			projectDirPath = "";
			projectRoot = "";
			targets = (
				632080591F99B36900846C18 /* StoreReviewSample-iOS */,
				6320806D1F99B36A00846C18 /* StoreReviewSample-iOSTests */,
				632080781F99B36A00846C18 /* StoreReviewSample-iOSUITests */,
			);
		};
/* End PBXProject section */

/* Begin PBXResourcesBuildPhase section */
		632080581F99B36900846C18 /* Resources */ = {
			isa = PBXResourcesBuildPhase;
			buildActionMask = 2147483647;
			files = (
				632080681F99B36900846C18 /* LaunchScreen.storyboard in Resources */,
				632080651F99B36900846C18 /* Assets.xcassets in Resources */,
				632080631F99B36900846C18 /* Main.storyboard in Resources */,
			);
			runOnlyForDeploymentPostprocessing = 0;
		};
		6320806C1F99B36A00846C18 /* Resources */ = {
			isa = PBXResourcesBuildPhase;
			buildActionMask = 2147483647;
			files = (
			);
			runOnlyForDeploymentPostprocessing = 0;
		};
		632080771F99B36A00846C18 /* Resources */ = {
			isa = PBXResourcesBuildPhase;
			buildActionMask = 2147483647;
			files = (
			);
			runOnlyForDeploymentPostprocessing = 0;
		};
/* End PBXResourcesBuildPhase section */

/* Begin PBXSourcesBuildPhase section */
		632080561F99B36900846C18 /* Sources */ = {
			isa = PBXSourcesBuildPhase;
			buildActionMask = 2147483647;
			files = (
				632080601F99B36900846C18 /* ViewController.swift in Sources */,
				6320805E1F99B36900846C18 /* AppDelegate.swift in Sources */,
			);
			runOnlyForDeploymentPostprocessing = 0;
		};
		6320806A1F99B36A00846C18 /* Sources */ = {
			isa = PBXSourcesBuildPhase;
			buildActionMask = 2147483647;
			files = (
				632080731F99B36A00846C18 /* StoreReviewSample_iOSTests.swift in Sources */,
			);
			runOnlyForDeploymentPostprocessing = 0;
		};
		632080751F99B36A00846C18 /* Sources */ = {
			isa = PBXSourcesBuildPhase;
			buildActionMask = 2147483647;
			files = (
				6320807E1F99B36A00846C18 /* StoreReviewSample_iOSUITests.swift in Sources */,
			);
			runOnlyForDeploymentPostprocessing = 0;
		};
/* End PBXSourcesBuildPhase section */

/* Begin PBXTargetDependency section */
		632080701F99B36A00846C18 /* PBXTargetDependency */ = {
			isa = PBXTargetDependency;
			target = 632080591F99B36900846C18 /* StoreReviewSample-iOS */;
			targetProxy = 6320806F1F99B36A00846C18 /* PBXContainerItemProxy */;
		};
		6320807B1F99B36A00846C18 /* PBXTargetDependency */ = {
			isa = PBXTargetDependency;
			target = 632080591F99B36900846C18 /* StoreReviewSample-iOS */;
			targetProxy = 6320807A1F99B36A00846C18 /* PBXContainerItemProxy */;
		};
/* End PBXTargetDependency section */

/* Begin PBXVariantGroup section */
		632080611F99B36900846C18 /* Main.storyboard */ = {
			isa = PBXVariantGroup;
			children = (
				632080621F99B36900846C18 /* Base */,
			);
			name = Main.storyboard;
			sourceTree = "<group>";
		};
		632080661F99B36900846C18 /* LaunchScreen.storyboard */ = {
			isa = PBXVariantGroup;
			children = (
				632080671F99B36900846C18 /* Base */,
			);
			name = LaunchScreen.storyboard;
			sourceTree = "<group>";
		};
/* End PBXVariantGroup section */

/* Begin XCBuildConfiguration section */
		632080801F99B36A00846C18 /* Debug */ = {
			isa = XCBuildConfiguration;
			buildSettings = {
				ALWAYS_SEARCH_USER_PATHS = NO;
				CLANG_ANALYZER_NONNULL = YES;
				CLANG_ANALYZER_NUMBER_OBJECT_CONVERSION = YES_AGGRESSIVE;
				CLANG_CXX_LANGUAGE_STANDARD = "gnu++14";
				CLANG_CXX_LIBRARY = "libc++";
				CLANG_ENABLE_MODULES = YES;
				CLANG_ENABLE_OBJC_ARC = YES;
				CLANG_WARN_BLOCK_CAPTURE_AUTORELEASING = YES;
				CLANG_WARN_BOOL_CONVERSION = YES;
				CLANG_WARN_COMMA = YES;
				CLANG_WARN_CONSTANT_CONVERSION = YES;
				CLANG_WARN_DIRECT_OBJC_ISA_USAGE = YES_ERROR;
				CLANG_WARN_DOCUMENTATION_COMMENTS = YES;
				CLANG_WARN_EMPTY_BODY = YES;
				CLANG_WARN_ENUM_CONVERSION = YES;
				CLANG_WARN_INFINITE_RECURSION = YES;
				CLANG_WARN_INT_CONVERSION = YES;
				CLANG_WARN_NON_LITERAL_NULL_CONVERSION = YES;
				CLANG_WARN_OBJC_LITERAL_CONVERSION = YES;
				CLANG_WARN_OBJC_ROOT_CLASS = YES_ERROR;
				CLANG_WARN_RANGE_LOOP_ANALYSIS = YES;
				CLANG_WARN_STRICT_PROTOTYPES = YES;
				CLANG_WARN_SUSPICIOUS_MOVE = YES;
				CLANG_WARN_UNGUARDED_AVAILABILITY = YES_AGGRESSIVE;
				CLANG_WARN_UNREACHABLE_CODE = YES;
				CLANG_WARN__DUPLICATE_METHOD_MATCH = YES;
				CODE_SIGN_IDENTITY = "iPhone Developer";
				COPY_PHASE_STRIP = NO;
				DEBUG_INFORMATION_FORMAT = dwarf;
				ENABLE_STRICT_OBJC_MSGSEND = YES;
				ENABLE_TESTABILITY = YES;
				GCC_C_LANGUAGE_STANDARD = gnu11;
				GCC_DYNAMIC_NO_PIC = NO;
				GCC_NO_COMMON_BLOCKS = YES;
				GCC_OPTIMIZATION_LEVEL = 0;
				GCC_PREPROCESSOR_DEFINITIONS = (
					"DEBUG=1",
					"$(inherited)",
				);
				GCC_WARN_64_TO_32_BIT_CONVERSION = YES;
				GCC_WARN_ABOUT_RETURN_TYPE = YES_ERROR;
				GCC_WARN_UNDECLARED_SELECTOR = YES;
				GCC_WARN_UNINITIALIZED_AUTOS = YES_AGGRESSIVE;
				GCC_WARN_UNUSED_FUNCTION = YES;
				GCC_WARN_UNUSED_VARIABLE = YES;
				IPHONEOS_DEPLOYMENT_TARGET = 11.0;
				MTL_ENABLE_DEBUG_INFO = YES;
				ONLY_ACTIVE_ARCH = YES;
				SDKROOT = iphoneos;
				SWIFT_ACTIVE_COMPILATION_CONDITIONS = DEBUG;
				SWIFT_OPTIMIZATION_LEVEL = "-Onone";
			};
			name = Debug;
		};
		632080811F99B36A00846C18 /* Release */ = {
			isa = XCBuildConfiguration;
			buildSettings = {
				ALWAYS_SEARCH_USER_PATHS = NO;
				CLANG_ANALYZER_NONNULL = YES;
				CLANG_ANALYZER_NUMBER_OBJECT_CONVERSION = YES_AGGRESSIVE;
				CLANG_CXX_LANGUAGE_STANDARD = "gnu++14";
				CLANG_CXX_LIBRARY = "libc++";
				CLANG_ENABLE_MODULES = YES;
				CLANG_ENABLE_OBJC_ARC = YES;
				CLANG_WARN_BLOCK_CAPTURE_AUTORELEASING = YES;
				CLANG_WARN_BOOL_CONVERSION = YES;
				CLANG_WARN_COMMA = YES;
				CLANG_WARN_CONSTANT_CONVERSION = YES;
				CLANG_WARN_DIRECT_OBJC_ISA_USAGE = YES_ERROR;
				CLANG_WARN_DOCUMENTATION_COMMENTS = YES;
				CLANG_WARN_EMPTY_BODY = YES;
				CLANG_WARN_ENUM_CONVERSION = YES;
				CLANG_WARN_INFINITE_RECURSION = YES;
				CLANG_WARN_INT_CONVERSION = YES;
				CLANG_WARN_NON_LITERAL_NULL_CONVERSION = YES;
				CLANG_WARN_OBJC_LITERAL_CONVERSION = YES;
				CLANG_WARN_OBJC_ROOT_CLASS = YES_ERROR;
				CLANG_WARN_RANGE_LOOP_ANALYSIS = YES;
				CLANG_WARN_STRICT_PROTOTYPES = YES;
				CLANG_WARN_SUSPICIOUS_MOVE = YES;
				CLANG_WARN_UNGUARDED_AVAILABILITY = YES_AGGRESSIVE;
				CLANG_WARN_UNREACHABLE_CODE = YES;
				CLANG_WARN__DUPLICATE_METHOD_MATCH = YES;
				CODE_SIGN_IDENTITY = "iPhone Developer";
				COPY_PHASE_STRIP = NO;
				DEBUG_INFORMATION_FORMAT = "dwarf-with-dsym";
				ENABLE_NS_ASSERTIONS = NO;
				ENABLE_STRICT_OBJC_MSGSEND = YES;
				GCC_C_LANGUAGE_STANDARD = gnu11;
				GCC_NO_COMMON_BLOCKS = YES;
				GCC_WARN_64_TO_32_BIT_CONVERSION = YES;
				GCC_WARN_ABOUT_RETURN_TYPE = YES_ERROR;
				GCC_WARN_UNDECLARED_SELECTOR = YES;
				GCC_WARN_UNINITIALIZED_AUTOS = YES_AGGRESSIVE;
				GCC_WARN_UNUSED_FUNCTION = YES;
				GCC_WARN_UNUSED_VARIABLE = YES;
				IPHONEOS_DEPLOYMENT_TARGET = 11.0;
				MTL_ENABLE_DEBUG_INFO = NO;
				SDKROOT = iphoneos;
				SWIFT_OPTIMIZATION_LEVEL = "-Owholemodule";
				VALIDATE_PRODUCT = YES;
			};
			name = Release;
		};
		632080831F99B36A00846C18 /* Debug */ = {
			isa = XCBuildConfiguration;
			buildSettings = {
				ASSETCATALOG_COMPILER_APPICON_NAME = AppIcon;
				CODE_SIGN_STYLE = Automatic;
				INFOPLIST_FILE = "StoreReviewSample-iOS/Info.plist";
				LD_RUNPATH_SEARCH_PATHS = "$(inherited) @executable_path/Frameworks";
				PRODUCT_BUNDLE_IDENTIFIER = "com.example.StoreReviewSample-iOS";
				PRODUCT_NAME = "$(TARGET_NAME)";
				SWIFT_VERSION = 4.0;
				TARGETED_DEVICE_FAMILY = "1,2";
			};
			name = Debug;
		};
		632080841F99B36A00846C18 /* Release */ = {
			isa = XCBuildConfiguration;
			buildSettings = {
				ASSETCATALOG_COMPILER_APPICON_NAME = AppIcon;
				CODE_SIGN_STYLE = Automatic;
				INFOPLIST_FILE = "StoreReviewSample-iOS/Info.plist";
				LD_RUNPATH_SEARCH_PATHS = "$(inherited) @executable_path/Frameworks";
				PRODUCT_BUNDLE_IDENTIFIER = "com.example.StoreReviewSample-iOS";
				PRODUCT_NAME = "$(TARGET_NAME)";
				SWIFT_VERSION = 4.0;
				TARGETED_DEVICE_FAMILY = "1,2";
			};
			name = Release;
		};
		632080861F99B36A00846C18 /* Debug */ = {
			isa = XCBuildConfiguration;
			buildSettings = {
				ALWAYS_EMBED_SWIFT_STANDARD_LIBRARIES = YES;
				BUNDLE_LOADER = "$(TEST_HOST)";
				CODE_SIGN_STYLE = Automatic;
				INFOPLIST_FILE = "StoreReviewSample-iOSTests/Info.plist";
				LD_RUNPATH_SEARCH_PATHS = "$(inherited) @executable_path/Frameworks @loader_path/Frameworks";
				PRODUCT_BUNDLE_IDENTIFIER = "com.example.StoreReviewSample-iOSTests";
				PRODUCT_NAME = "$(TARGET_NAME)";
				SWIFT_VERSION = 4.0;
				TARGETED_DEVICE_FAMILY = "1,2";
				TEST_HOST = "$(BUILT_PRODUCTS_DIR)/StoreReviewSample-iOS.app/StoreReviewSample-iOS";
			};
			name = Debug;
		};
		632080871F99B36A00846C18 /* Release */ = {
			isa = XCBuildConfiguration;
			buildSettings = {
				ALWAYS_EMBED_SWIFT_STANDARD_LIBRARIES = YES;
				BUNDLE_LOADER = "$(TEST_HOST)";
				CODE_SIGN_STYLE = Automatic;
				INFOPLIST_FILE = "StoreReviewSample-iOSTests/Info.plist";
				LD_RUNPATH_SEARCH_PATHS = "$(inherited) @executable_path/Frameworks @loader_path/Frameworks";
				PRODUCT_BUNDLE_IDENTIFIER = "com.example.StoreReviewSample-iOSTests";
				PRODUCT_NAME = "$(TARGET_NAME)";
				SWIFT_VERSION = 4.0;
				TARGETED_DEVICE_FAMILY = "1,2";
				TEST_HOST = "$(BUILT_PRODUCTS_DIR)/StoreReviewSample-iOS.app/StoreReviewSample-iOS";
			};
			name = Release;
		};
		632080891F99B36A00846C18 /* Debug */ = {
			isa = XCBuildConfiguration;
			buildSettings = {
				ALWAYS_EMBED_SWIFT_STANDARD_LIBRARIES = YES;
				CODE_SIGN_STYLE = Automatic;
				INFOPLIST_FILE = "StoreReviewSample-iOSUITests/Info.plist";
				LD_RUNPATH_SEARCH_PATHS = "$(inherited) @executable_path/Frameworks @loader_path/Frameworks";
				PRODUCT_BUNDLE_IDENTIFIER = "com.example.StoreReviewSample-iOSUITests";
				PRODUCT_NAME = "$(TARGET_NAME)";
				SWIFT_VERSION = 4.0;
				TARGETED_DEVICE_FAMILY = "1,2";
				TEST_TARGET_NAME = "StoreReviewSample-iOS";
			};
			name = Debug;
		};
		6320808A1F99B36A00846C18 /* Release */ = {
			isa = XCBuildConfiguration;
			buildSettings = {
				ALWAYS_EMBED_SWIFT_STANDARD_LIBRARIES = YES;
				CODE_SIGN_STYLE = Automatic;
				INFOPLIST_FILE = "StoreReviewSample-iOSUITests/Info.plist";
				LD_RUNPATH_SEARCH_PATHS = "$(inherited) @executable_path/Frameworks @loader_path/Frameworks";
				PRODUCT_BUNDLE_IDENTIFIER = "com.example.StoreReviewSample-iOSUITests";
				PRODUCT_NAME = "$(TARGET_NAME)";
				SWIFT_VERSION = 4.0;
				TARGETED_DEVICE_FAMILY = "1,2";
				TEST_TARGET_NAME = "StoreReviewSample-iOS";
			};
			name = Release;
		};
/* End XCBuildConfiguration section */

/* Begin XCConfigurationList section */
		632080551F99B36900846C18 /* Build configuration list for PBXProject "StoreReviewSample-iOS" */ = {
			isa = XCConfigurationList;
			buildConfigurations = (
				632080801F99B36A00846C18 /* Debug */,
				632080811F99B36A00846C18 /* Release */,
			);
			defaultConfigurationIsVisible = 0;
			defaultConfigurationName = Release;
		};
		632080821F99B36A00846C18 /* Build configuration list for PBXNativeTarget "StoreReviewSample-iOS" */ = {
			isa = XCConfigurationList;
			buildConfigurations = (
				632080831F99B36A00846C18 /* Debug */,
				632080841F99B36A00846C18 /* Release */,
			);
			defaultConfigurationIsVisible = 0;
			defaultConfigurationName = Release;
		};
		632080851F99B36A00846C18 /* Build configuration list for PBXNativeTarget "StoreReviewSample-iOSTests" */ = {
			isa = XCConfigurationList;
			buildConfigurations = (
				632080861F99B36A00846C18 /* Debug */,
				632080871F99B36A00846C18 /* Release */,
			);
			defaultConfigurationIsVisible = 0;
			defaultConfigurationName = Release;
		};
		632080881F99B36A00846C18 /* Build configuration list for PBXNativeTarget "StoreReviewSample-iOSUITests" */ = {
			isa = XCConfigurationList;
			buildConfigurations = (
				632080891F99B36A00846C18 /* Debug */,
				6320808A1F99B36A00846C18 /* Release */,
			);
			defaultConfigurationIsVisible = 0;
			defaultConfigurationName = Release;
		};
/* End XCConfigurationList section */
	};
	rootObject = 632080521F99B36900846C18 /* Project object */;
}
